
Microsoft Visual Studio Solution File, Format Version 12.00
# Visual Studio Version 17
VisualStudioVersion = 17.3.32922.545
MinimumVisualStudioVersion = 10.0.40219.1
Project("{FAE04EC0-301F-11D3-BF4B-00C04F79EFBC}") = "withForms", "withForms\withForms.csproj", "{006A194C-EFB8-4B12-B602-F3AC7985F162}"
EndProject
Global
	GlobalSection(SolutionConfigurationPlatforms) = preSolution
		Debug|Any CPU = Debug|Any CPU
		Release|Any CPU = Release|Any CPU
	EndGlobalSection
	GlobalSection(ProjectConfigurationPlatforms) = postSolution
		{006A194C-EFB8-4B12-B602-F3AC7985F162}.Debug|Any CPU.ActiveCfg = Debug|Any CPU
		{006A194C-EFB8-4B12-B602-F3AC7985F162}.Debug|Any CPU.Build.0 = Debug|Any CPU
		{006A194C-EFB8-4B12-B602-F3AC7985F162}.Release|Any CPU.ActiveCfg = Release|Any CPU
		{006A194C-EFB8-4B12-B602-F3AC7985F162}.Release|Any CPU.Build.0 = Release|Any CPU
	EndGlobalSection
	GlobalSection(SolutionProperties) = preSolution
		HideSolutionNode = FALSE
	EndGlobalSection
	GlobalSection(ExtensibilityGlobals) = postSolution
		SolutionGuid = {580CF7DB-950B-4344-B5F7-29A93F1E1415}
	EndGlobalSection
EndGlobal
